# This file is automatically @generated by Cargo.
# It is not intended for manual editing.
version = 3

[[package]]
name = "urlplussign-bin"
version = "0.1.0"
dependencies = [
 "urlplussign-lib",
]

[[package]]
name = "urlplussign-lib"
version = "0.1.0"
source = "git+https://github.com/kaspar030/urlplussign-lib?branch=main+plus#2ff09b409678d585c2132448e3e045f6a88c2818"
